
Microsoft Visual Studio Solution File, Format Version 12.00
# Visual Studio Version 17
VisualStudioVersion = 17.1.32210.238
MinimumVisualStudioVersion = 10.0.40219.1
Project("{FAE04EC0-301F-11D3-BF4B-00C04F79EFBC}") = "ByteBank", "ByteBank\ByteBank.csproj", "{A4DA050E-70C0-489E-85F9-600B05E26A8A}"
EndProject
Project("{FAE04EC0-301F-11D3-BF4B-00C04F79EFBC}") = "ByteBank.Service", "ByteBank.Service\ByteBank.Service.csproj", "{C5AA12B1-B2AD-4332-8848-2DC02868FB7B}"
EndProject
Global
	GlobalSection(SolutionConfigurationPlatforms) = preSolution
		Debug|Any CPU = Debug|Any CPU
		Release|Any CPU = Release|Any CPU
	EndGlobalSection
	GlobalSection(ProjectConfigurationPlatforms) = postSolution
		{A4DA050E-70C0-489E-85F9-600B05E26A8A}.Debug|Any CPU.ActiveCfg = Debug|Any CPU
		{A4DA050E-70C0-489E-85F9-600B05E26A8A}.Debug|Any CPU.Build.0 = Debug|Any CPU
		{A4DA050E-70C0-489E-85F9-600B05E26A8A}.Release|Any CPU.ActiveCfg = Release|Any CPU
		{A4DA050E-70C0-489E-85F9-600B05E26A8A}.Release|Any CPU.Build.0 = Release|Any CPU
		{C5AA12B1-B2AD-4332-8848-2DC02868FB7B}.Debug|Any CPU.ActiveCfg = Debug|Any CPU
		{C5AA12B1-B2AD-4332-8848-2DC02868FB7B}.Debug|Any CPU.Build.0 = Debug|Any CPU
		{C5AA12B1-B2AD-4332-8848-2DC02868FB7B}.Release|Any CPU.ActiveCfg = Release|Any CPU
		{C5AA12B1-B2AD-4332-8848-2DC02868FB7B}.Release|Any CPU.Build.0 = Release|Any CPU
	EndGlobalSection
	GlobalSection(SolutionProperties) = preSolution
		HideSolutionNode = FALSE
	EndGlobalSection
	GlobalSection(ExtensibilityGlobals) = postSolution
		SolutionGuid = {C9A1D392-6D56-4900-BD17-624D9125D284}
	EndGlobalSection
EndGlobal
